
Microsoft Visual Studio Solution File, Format Version 12.00
# Visual Studio Version 17
VisualStudioVersion = 17.5.33502.453
MinimumVisualStudioVersion = 10.0.40219.1
Project("{FAE04EC0-301F-11D3-BF4B-00C04F79EFBC}") = "pjNSL", "pjNSL\pjNSL.csproj", "{506CCEA8-C353-4579-BA10-8D4A1D4F0349}"
EndProject
Project("{FAE04EC0-301F-11D3-BF4B-00C04F79EFBC}") = "ISpan.NSL.SqlDataLayer", "ISpan.NSL.SqlDataLayer\ISpan.NSL.SqlDataLayer.csproj", "{6A6F94FA-A122-4552-A426-52257BA75E53}"
EndProject
Global
	GlobalSection(SolutionConfigurationPlatforms) = preSolution
		Debug|Any CPU = Debug|Any CPU
		Release|Any CPU = Release|Any CPU
	EndGlobalSection
	GlobalSection(ProjectConfigurationPlatforms) = postSolution
		{506CCEA8-C353-4579-BA10-8D4A1D4F0349}.Debug|Any CPU.ActiveCfg = Debug|Any CPU
		{506CCEA8-C353-4579-BA10-8D4A1D4F0349}.Debug|Any CPU.Build.0 = Debug|Any CPU
		{506CCEA8-C353-4579-BA10-8D4A1D4F0349}.Release|Any CPU.ActiveCfg = Release|Any CPU
		{506CCEA8-C353-4579-BA10-8D4A1D4F0349}.Release|Any CPU.Build.0 = Release|Any CPU
		{6A6F94FA-A122-4552-A426-52257BA75E53}.Debug|Any CPU.ActiveCfg = Debug|Any CPU
		{6A6F94FA-A122-4552-A426-52257BA75E53}.Debug|Any CPU.Build.0 = Debug|Any CPU
		{6A6F94FA-A122-4552-A426-52257BA75E53}.Release|Any CPU.ActiveCfg = Release|Any CPU
		{6A6F94FA-A122-4552-A426-52257BA75E53}.Release|Any CPU.Build.0 = Release|Any CPU
	EndGlobalSection
	GlobalSection(SolutionProperties) = preSolution
		HideSolutionNode = FALSE
	EndGlobalSection
	GlobalSection(ExtensibilityGlobals) = postSolution
		SolutionGuid = {B4BF8AB8-D264-4112-A92F-1B4F85463068}
	EndGlobalSection
EndGlobal
